// !$*UTF8*$!
{
	archiveVersion = 1;
	classes = {
	};
	objectVersion = 48;
	objects = {

/* Begin PBXBuildFile section */
		D65A43DE206C47A1000E89A1 /* AppDelegate.swift in Sources */ = {isa = PBXBuildFile; fileRef = D65A43DD206C47A1000E89A1 /* AppDelegate.swift */; };
		D65A43E0206C47A1000E89A1 /* ViewController.swift in Sources */ = {isa = PBXBuildFile; fileRef = D65A43DF206C47A1000E89A1 /* ViewController.swift */; };
		D65A43E3206C47A1000E89A1 /* Main.storyboard in Resources */ = {isa = PBXBuildFile; fileRef = D65A43E1206C47A1000E89A1 /* Main.storyboard */; };
		D65A43E5206C47A1000E89A1 /* Assets.xcassets in Resources */ = {isa = PBXBuildFile; fileRef = D65A43E4206C47A1000E89A1 /* Assets.xcassets */; };
		D65A43E8206C47A1000E89A1 /* LaunchScreen.storyboard in Resources */ = {isa = PBXBuildFile; fileRef = D65A43E6206C47A1000E89A1 /* LaunchScreen.storyboard */; };
		D65A43F3206C47A1000E89A1 /* testTests.swift in Sources */ = {isa = PBXBuildFile; fileRef = D65A43F2206C47A1000E89A1 /* testTests.swift */; };
		D65A43FE206C47A1000E89A1 /* testUITests.swift in Sources */ = {isa = PBXBuildFile; fileRef = D65A43FD206C47A1000E89A1 /* testUITests.swift */; };
/* End PBXBuildFile section */

/* Begin PBXContainerItemProxy section */
		D65A43EF206C47A1000E89A1 /* PBXContainerItemProxy */ = {
			isa = PBXContainerItemProxy;
			containerPortal = D65A43D2206C47A0000E89A1 /* Project object */;
			proxyType = 1;
			remoteGlobalIDString = D65A43D9206C47A1000E89A1;
			remoteInfo = test;
		};
		D65A43FA206C47A1000E89A1 /* PBXContainerItemProxy */ = {
			isa = PBXContainerItemProxy;
			containerPortal = D65A43D2206C47A0000E89A1 /* Project object */;
			proxyType = 1;
			remoteGlobalIDString = D65A43D9206C47A1000E89A1;
			remoteInfo = test;
		};
		D65A4416206C4B22000E89A1 /* PBXContainerItemProxy */ = {
			isa = PBXContainerItemProxy;
			containerPortal = D65A440B206C4B22000E89A1 /* Alamofire.xcodeproj */;
			proxyType = 2;
			remoteGlobalIDString = F8111E3319A95C8B0040E7D1;
			remoteInfo = "Alamofire iOS";
		};
		D65A4418206C4B22000E89A1 /* PBXContainerItemProxy */ = {
			isa = PBXContainerItemProxy;
			containerPortal = D65A440B206C4B22000E89A1 /* Alamofire.xcodeproj */;
			proxyType = 2;
			remoteGlobalIDString = F8111E3E19A95C8B0040E7D1;
			remoteInfo = "Alamofire iOS Tests";
		};
		D65A441A206C4B22000E89A1 /* PBXContainerItemProxy */ = {
			isa = PBXContainerItemProxy;
			containerPortal = D65A440B206C4B22000E89A1 /* Alamofire.xcodeproj */;
			proxyType = 2;
			remoteGlobalIDString = 4DD67C0B1A5C55C900ED2280;
			remoteInfo = "Alamofire macOS";
		};
		D65A441C206C4B22000E89A1 /* PBXContainerItemProxy */ = {
			isa = PBXContainerItemProxy;
			containerPortal = D65A440B206C4B22000E89A1 /* Alamofire.xcodeproj */;
			proxyType = 2;
			remoteGlobalIDString = F829C6B21A7A94F100A2CD59;
			remoteInfo = "Alamofire macOS Tests";
		};
		D65A441E206C4B22000E89A1 /* PBXContainerItemProxy */ = {
			isa = PBXContainerItemProxy;
			containerPortal = D65A440B206C4B22000E89A1 /* Alamofire.xcodeproj */;
			proxyType = 2;
			remoteGlobalIDString = 4CF626EF1BA7CB3E0011A099;
			remoteInfo = "Alamofire tvOS";
		};
		D65A4420206C4B22000E89A1 /* PBXContainerItemProxy */ = {
			isa = PBXContainerItemProxy;
			containerPortal = D65A440B206C4B22000E89A1 /* Alamofire.xcodeproj */;
			proxyType = 2;
			remoteGlobalIDString = 4CF626F81BA7CB3E0011A099;
			remoteInfo = "Alamofire tvOS Tests";
		};
		D65A4422206C4B22000E89A1 /* PBXContainerItemProxy */ = {
			isa = PBXContainerItemProxy;
			containerPortal = D65A440B206C4B22000E89A1 /* Alamofire.xcodeproj */;
			proxyType = 2;
			remoteGlobalIDString = E4202FE01B667AA100C997FB;
			remoteInfo = "Alamofire watchOS";
		};
		D65A4426206C4E15000E89A1 /* PBXContainerItemProxy */ = {
			isa = PBXContainerItemProxy;
			containerPortal = D65A440B206C4B22000E89A1 /* Alamofire.xcodeproj */;
			proxyType = 1;
			remoteGlobalIDString = 4DD67C0A1A5C55C900ED2280;
			remoteInfo = "Alamofire macOS";
		};
		D65A4428206C4E1D000E89A1 /* PBXContainerItemProxy */ = {
			isa = PBXContainerItemProxy;
			containerPortal = D65A440B206C4B22000E89A1 /* Alamofire.xcodeproj */;
			proxyType = 1;
			remoteGlobalIDString = F8111E3219A95C8B0040E7D1;
			remoteInfo = "Alamofire iOS";
		};
/* End PBXContainerItemProxy section */

/* Begin PBXFileReference section */
		D65A43DA206C47A1000E89A1 /* test.app */ = {isa = PBXFileReference; explicitFileType = wrapper.application; includeInIndex = 0; path = test.app; sourceTree = BUILT_PRODUCTS_DIR; };
		D65A43DD206C47A1000E89A1 /* AppDelegate.swift */ = {isa = PBXFileReference; lastKnownFileType = sourcecode.swift; path = AppDelegate.swift; sourceTree = "<group>"; };
		D65A43DF206C47A1000E89A1 /* ViewController.swift */ = {isa = PBXFileReference; lastKnownFileType = sourcecode.swift; path = ViewController.swift; sourceTree = "<group>"; };
		D65A43E2206C47A1000E89A1 /* Base */ = {isa = PBXFileReference; lastKnownFileType = file.storyboard; name = Base; path = Base.lproj/Main.storyboard; sourceTree = "<group>"; };
		D65A43E4206C47A1000E89A1 /* Assets.xcassets */ = {isa = PBXFileReference; lastKnownFileType = folder.assetcatalog; path = Assets.xcassets; sourceTree = "<group>"; };
		D65A43E7206C47A1000E89A1 /* Base */ = {isa = PBXFileReference; lastKnownFileType = file.storyboard; name = Base; path = Base.lproj/LaunchScreen.storyboard; sourceTree = "<group>"; };
		D65A43E9206C47A1000E89A1 /* Info.plist */ = {isa = PBXFileReference; lastKnownFileType = text.plist.xml; path = Info.plist; sourceTree = "<group>"; };
		D65A43EE206C47A1000E89A1 /* testTests.xctest */ = {isa = PBXFileReference; explicitFileType = wrapper.cfbundle; includeInIndex = 0; path = testTests.xctest; sourceTree = BUILT_PRODUCTS_DIR; };
		D65A43F2206C47A1000E89A1 /* testTests.swift */ = {isa = PBXFileReference; lastKnownFileType = sourcecode.swift; path = testTests.swift; sourceTree = "<group>"; };
		D65A43F4206C47A1000E89A1 /* Info.plist */ = {isa = PBXFileReference; lastKnownFileType = text.plist.xml; path = Info.plist; sourceTree = "<group>"; };
		D65A43F9206C47A1000E89A1 /* testUITests.xctest */ = {isa = PBXFileReference; explicitFileType = wrapper.cfbundle; includeInIndex = 0; path = testUITests.xctest; sourceTree = BUILT_PRODUCTS_DIR; };
		D65A43FD206C47A1000E89A1 /* testUITests.swift */ = {isa = PBXFileReference; lastKnownFileType = sourcecode.swift; path = testUITests.swift; sourceTree = "<group>"; };
		D65A43FF206C47A1000E89A1 /* Info.plist */ = {isa = PBXFileReference; lastKnownFileType = text.plist.xml; path = Info.plist; sourceTree = "<group>"; };
		D65A440B206C4B22000E89A1 /* Alamofire.xcodeproj */ = {isa = PBXFileReference; lastKnownFileType = "wrapper.pb-project"; name = Alamofire.xcodeproj; path = Alamofire/Alamofire.xcodeproj; sourceTree = "<group>"; };
/* End PBXFileReference section */

/* Begin PBXFrameworksBuildPhase section */
		D65A43D7206C47A1000E89A1 /* Frameworks */ = {
			isa = PBXFrameworksBuildPhase;
			buildActionMask = 2147483647;
			files = (
			);
			runOnlyForDeploymentPostprocessing = 0;
		};
		D65A43EB206C47A1000E89A1 /* Frameworks */ = {
			isa = PBXFrameworksBuildPhase;
			buildActionMask = 2147483647;
			files = (
			);
			runOnlyForDeploymentPostprocessing = 0;
		};
		D65A43F6206C47A1000E89A1 /* Frameworks */ = {
			isa = PBXFrameworksBuildPhase;
			buildActionMask = 2147483647;
			files = (
			);
			runOnlyForDeploymentPostprocessing = 0;
		};
/* End PBXFrameworksBuildPhase section */

/* Begin PBXGroup section */
		D65A43D1206C47A0000E89A1 = {
			isa = PBXGroup;
			children = (
				D65A43DC206C47A1000E89A1 /* test */,
				D65A43F1206C47A1000E89A1 /* testTests */,
				D65A43FC206C47A1000E89A1 /* testUITests */,
				D65A43DB206C47A1000E89A1 /* Products */,
				D65A440B206C4B22000E89A1 /* Alamofire.xcodeproj */,
			);
			sourceTree = "<group>";
		};
		D65A43DB206C47A1000E89A1 /* Products */ = {
			isa = PBXGroup;
			children = (
				D65A43DA206C47A1000E89A1 /* test.app */,
				D65A43EE206C47A1000E89A1 /* testTests.xctest */,
				D65A43F9206C47A1000E89A1 /* testUITests.xctest */,
			);
			name = Products;
			sourceTree = "<group>";
		};
		D65A43DC206C47A1000E89A1 /* test */ = {
			isa = PBXGroup;
			children = (
				D65A43DD206C47A1000E89A1 /* AppDelegate.swift */,
				D65A43DF206C47A1000E89A1 /* ViewController.swift */,
				D65A43E1206C47A1000E89A1 /* Main.storyboard */,
				D65A43E4206C47A1000E89A1 /* Assets.xcassets */,
				D65A43E6206C47A1000E89A1 /* LaunchScreen.storyboard */,
				D65A43E9206C47A1000E89A1 /* Info.plist */,
			);
			path = test;
			sourceTree = "<group>";
		};
		D65A43F1206C47A1000E89A1 /* testTests */ = {
			isa = PBXGroup;
			children = (
				D65A43F2206C47A1000E89A1 /* testTests.swift */,
				D65A43F4206C47A1000E89A1 /* Info.plist */,
			);
			path = testTests;
			sourceTree = "<group>";
		};
		D65A43FC206C47A1000E89A1 /* testUITests */ = {
			isa = PBXGroup;
			children = (
				D65A43FD206C47A1000E89A1 /* testUITests.swift */,
				D65A43FF206C47A1000E89A1 /* Info.plist */,
			);
			path = testUITests;
			sourceTree = "<group>";
		};
		D65A440C206C4B22000E89A1 /* Products */ = {
			isa = PBXGroup;
			children = (
				D65A4417206C4B22000E89A1 /* Alamofire.framework */,
				D65A4419206C4B22000E89A1 /* Alamofire iOS Tests.xctest */,
				D65A441B206C4B22000E89A1 /* Alamofire.framework */,
				D65A441D206C4B22000E89A1 /* Alamofire macOS Tests.xctest */,
				D65A441F206C4B22000E89A1 /* Alamofire.framework */,
				D65A4421206C4B22000E89A1 /* Alamofire tvOS Tests.xctest */,
				D65A4423206C4B22000E89A1 /* Alamofire.framework */,
			);
			name = Products;
			sourceTree = "<group>";
		};
/* End PBXGroup section */

/* Begin PBXNativeTarget section */
		D65A43D9206C47A1000E89A1 /* test */ = {
			isa = PBXNativeTarget;
			buildConfigurationList = D65A4402206C47A1000E89A1 /* Build configuration list for PBXNativeTarget "test" */;
			buildPhases = (
				D65A43D6206C47A1000E89A1 /* Sources */,
				D65A43D7206C47A1000E89A1 /* Frameworks */,
				D65A43D8206C47A1000E89A1 /* Resources */,
			);
			buildRules = (
			);
			dependencies = (
				D65A4429206C4E1D000E89A1 /* PBXTargetDependency */,
				D65A4427206C4E15000E89A1 /* PBXTargetDependency */,
			);
			name = test;
			productName = test;
			productReference = D65A43DA206C47A1000E89A1 /* test.app */;
			productType = "com.apple.product-type.application";
		};
		D65A43ED206C47A1000E89A1 /* testTests */ = {
			isa = PBXNativeTarget;
			buildConfigurationList = D65A4405206C47A1000E89A1 /* Build configuration list for PBXNativeTarget "testTests" */;
			buildPhases = (
				D65A43EA206C47A1000E89A1 /* Sources */,
				D65A43EB206C47A1000E89A1 /* Frameworks */,
				D65A43EC206C47A1000E89A1 /* Resources */,
			);
			buildRules = (
			);
			dependencies = (
				D65A43F0206C47A1000E89A1 /* PBXTargetDependency */,
			);
			name = testTests;
			productName = testTests;
			productReference = D65A43EE206C47A1000E89A1 /* testTests.xctest */;
			productType = "com.apple.product-type.bundle.unit-test";
		};
		D65A43F8206C47A1000E89A1 /* testUITests */ = {
			isa = PBXNativeTarget;
			buildConfigurationList = D65A4408206C47A1000E89A1 /* Build configuration list for PBXNativeTarget "testUITests" */;
			buildPhases = (
				D65A43F5206C47A1000E89A1 /* Sources */,
				D65A43F6206C47A1000E89A1 /* Frameworks */,
				D65A43F7206C47A1000E89A1 /* Resources */,
			);
			buildRules = (
			);
			dependencies = (
				D65A43FB206C47A1000E89A1 /* PBXTargetDependency */,
			);
			name = testUITests;
			productName = testUITests;
			productReference = D65A43F9206C47A1000E89A1 /* testUITests.xctest */;
			productType = "com.apple.product-type.bundle.ui-testing";
		};
/* End PBXNativeTarget section */

/* Begin PBXProject section */
		D65A43D2206C47A0000E89A1 /* Project object */ = {
			isa = PBXProject;
			attributes = {
				LastSwiftUpdateCheck = 0920;
				LastUpgradeCheck = 0920;
				ORGANIZATIONNAME = "고미정";
				TargetAttributes = {
					D65A43D9206C47A1000E89A1 = {
						CreatedOnToolsVersion = 9.2;
						ProvisioningStyle = Automatic;
					};
					D65A43ED206C47A1000E89A1 = {
						CreatedOnToolsVersion = 9.2;
						ProvisioningStyle = Automatic;
						TestTargetID = D65A43D9206C47A1000E89A1;
					};
					D65A43F8206C47A1000E89A1 = {
						CreatedOnToolsVersion = 9.2;
						ProvisioningStyle = Automatic;
						TestTargetID = D65A43D9206C47A1000E89A1;
					};
				};
			};
			buildConfigurationList = D65A43D5206C47A0000E89A1 /* Build configuration list for PBXProject "test" */;
			compatibilityVersion = "Xcode 8.0";
			developmentRegion = en;
			hasScannedForEncodings = 0;
			knownRegions = (
				en,
				Base,
			);
			mainGroup = D65A43D1206C47A0000E89A1;
			productRefGroup = D65A43DB206C47A1000E89A1 /* Products */;
			projectDirPath = "";
			projectReferences = (
				{
					ProductGroup = D65A440C206C4B22000E89A1 /* Products */;
					ProjectRef = D65A440B206C4B22000E89A1 /* Alamofire.xcodeproj */;
				},
			);
			projectRoot = "";
			targets = (
				D65A43D9206C47A1000E89A1 /* test */,
				D65A43ED206C47A1000E89A1 /* testTests */,
				D65A43F8206C47A1000E89A1 /* testUITests */,
			);
		};
/* End PBXProject section */

/* Begin PBXReferenceProxy section */
		D65A4417206C4B22000E89A1 /* Alamofire.framework */ = {
			isa = PBXReferenceProxy;
			fileType = wrapper.framework;
			path = Alamofire.framework;
			remoteRef = D65A4416206C4B22000E89A1 /* PBXContainerItemProxy */;
			sourceTree = BUILT_PRODUCTS_DIR;
		};
		D65A4419206C4B22000E89A1 /* Alamofire iOS Tests.xctest */ = {
			isa = PBXReferenceProxy;
			fileType = wrapper.cfbundle;
			path = "Alamofire iOS Tests.xctest";
			remoteRef = D65A4418206C4B22000E89A1 /* PBXContainerItemProxy */;
			sourceTree = BUILT_PRODUCTS_DIR;
		};
		D65A441B206C4B22000E89A1 /* Alamofire.framework */ = {
			isa = PBXReferenceProxy;
			fileType = wrapper.framework;
			path = Alamofire.framework;
			remoteRef = D65A441A206C4B22000E89A1 /* PBXContainerItemProxy */;
			sourceTree = BUILT_PRODUCTS_DIR;
		};
		D65A441D206C4B22000E89A1 /* Alamofire macOS Tests.xctest */ = {
			isa = PBXReferenceProxy;
			fileType = wrapper.cfbundle;
			path = "Alamofire macOS Tests.xctest";
			remoteRef = D65A441C206C4B22000E89A1 /* PBXContainerItemProxy */;
			sourceTree = BUILT_PRODUCTS_DIR;
		};
		D65A441F206C4B22000E89A1 /* Alamofire.framework */ = {
			isa = PBXReferenceProxy;
			fileType = wrapper.framework;
			path = Alamofire.framework;
			remoteRef = D65A441E206C4B22000E89A1 /* PBXContainerItemProxy */;
			sourceTree = BUILT_PRODUCTS_DIR;
		};
		D65A4421206C4B22000E89A1 /* Alamofire tvOS Tests.xctest */ = {
			isa = PBXReferenceProxy;
			fileType = wrapper.cfbundle;
			path = "Alamofire tvOS Tests.xctest";
			remoteRef = D65A4420206C4B22000E89A1 /* PBXContainerItemProxy */;
			sourceTree = BUILT_PRODUCTS_DIR;
		};
		D65A4423206C4B22000E89A1 /* Alamofire.framework */ = {
			isa = PBXReferenceProxy;
			fileType = wrapper.framework;
			path = Alamofire.framework;
			remoteRef = D65A4422206C4B22000E89A1 /* PBXContainerItemProxy */;
			sourceTree = BUILT_PRODUCTS_DIR;
		};
/* End PBXReferenceProxy section */

/* Begin PBXResourcesBuildPhase section */
		D65A43D8206C47A1000E89A1 /* Resources */ = {
			isa = PBXResourcesBuildPhase;
			buildActionMask = 2147483647;
			files = (
				D65A43E8206C47A1000E89A1 /* LaunchScreen.storyboard in Resources */,
				D65A43E5206C47A1000E89A1 /* Assets.xcassets in Resources */,
				D65A43E3206C47A1000E89A1 /* Main.storyboard in Resources */,
			);
			runOnlyForDeploymentPostprocessing = 0;
		};
		D65A43EC206C47A1000E89A1 /* Resources */ = {
			isa = PBXResourcesBuildPhase;
			buildActionMask = 2147483647;
			files = (
			);
			runOnlyForDeploymentPostprocessing = 0;
		};
		D65A43F7206C47A1000E89A1 /* Resources */ = {
			isa = PBXResourcesBuildPhase;
			buildActionMask = 2147483647;
			files = (
			);
			runOnlyForDeploymentPostprocessing = 0;
		};
/* End PBXResourcesBuildPhase section */

/* Begin PBXSourcesBuildPhase section */
		D65A43D6206C47A1000E89A1 /* Sources */ = {
			isa = PBXSourcesBuildPhase;
			buildActionMask = 2147483647;
			files = (
				D65A43E0206C47A1000E89A1 /* ViewController.swift in Sources */,
				D65A43DE206C47A1000E89A1 /* AppDelegate.swift in Sources */,
			);
			runOnlyForDeploymentPostprocessing = 0;
		};
		D65A43EA206C47A1000E89A1 /* Sources */ = {
			isa = PBXSourcesBuildPhase;
			buildActionMask = 2147483647;
			files = (
				D65A43F3206C47A1000E89A1 /* testTests.swift in Sources */,
			);
			runOnlyForDeploymentPostprocessing = 0;
		};
		D65A43F5206C47A1000E89A1 /* Sources */ = {
			isa = PBXSourcesBuildPhase;
			buildActionMask = 2147483647;
			files = (
				D65A43FE206C47A1000E89A1 /* testUITests.swift in Sources */,
			);
			runOnlyForDeploymentPostprocessing = 0;
		};
/* End PBXSourcesBuildPhase section */

/* Begin PBXTargetDependency section */
		D65A43F0206C47A1000E89A1 /* PBXTargetDependency */ = {
			isa = PBXTargetDependency;
			target = D65A43D9206C47A1000E89A1 /* test */;
			targetProxy = D65A43EF206C47A1000E89A1 /* PBXContainerItemProxy */;
		};
		D65A43FB206C47A1000E89A1 /* PBXTargetDependency */ = {
			isa = PBXTargetDependency;
			target = D65A43D9206C47A1000E89A1 /* test */;
			targetProxy = D65A43FA206C47A1000E89A1 /* PBXContainerItemProxy */;
		};
		D65A4427206C4E15000E89A1 /* PBXTargetDependency */ = {
			isa = PBXTargetDependency;
			name = "Alamofire macOS";
			targetProxy = D65A4426206C4E15000E89A1 /* PBXContainerItemProxy */;
		};
		D65A4429206C4E1D000E89A1 /* PBXTargetDependency */ = {
			isa = PBXTargetDependency;
			name = "Alamofire iOS";
			targetProxy = D65A4428206C4E1D000E89A1 /* PBXContainerItemProxy */;
		};
/* End PBXTargetDependency section */

/* Begin PBXVariantGroup section */
		D65A43E1206C47A1000E89A1 /* Main.storyboard */ = {
			isa = PBXVariantGroup;
			children = (
				D65A43E2206C47A1000E89A1 /* Base */,
			);
			name = Main.storyboard;
			sourceTree = "<group>";
		};
		D65A43E6206C47A1000E89A1 /* LaunchScreen.storyboard */ = {
			isa = PBXVariantGroup;
			children = (
				D65A43E7206C47A1000E89A1 /* Base */,
			);
			name = LaunchScreen.storyboard;
			sourceTree = "<group>";
		};
/* End PBXVariantGroup section */

/* Begin XCBuildConfiguration section */
		D65A4400206C47A1000E89A1 /* Debug */ = {
			isa = XCBuildConfiguration;
			buildSettings = {
				ALWAYS_SEARCH_USER_PATHS = NO;
				CLANG_ANALYZER_NONNULL = YES;
				CLANG_ANALYZER_NUMBER_OBJECT_CONVERSION = YES_AGGRESSIVE;
				CLANG_CXX_LANGUAGE_STANDARD = "gnu++14";
				CLANG_CXX_LIBRARY = "libc++";
				CLANG_ENABLE_MODULES = YES;
				CLANG_ENABLE_OBJC_ARC = YES;
				CLANG_WARN_BLOCK_CAPTURE_AUTORELEASING = YES;
				CLANG_WARN_BOOL_CONVERSION = YES;
				CLANG_WARN_COMMA = YES;
				CLANG_WARN_CONSTANT_CONVERSION = YES;
				CLANG_WARN_DIRECT_OBJC_ISA_USAGE = YES_ERROR;
				CLANG_WARN_DOCUMENTATION_COMMENTS = YES;
				CLANG_WARN_EMPTY_BODY = YES;
				CLANG_WARN_ENUM_CONVERSION = YES;
				CLANG_WARN_INFINITE_RECURSION = YES;
				CLANG_WARN_INT_CONVERSION = YES;
				CLANG_WARN_NON_LITERAL_NULL_CONVERSION = YES;
				CLANG_WARN_OBJC_LITERAL_CONVERSION = YES;
				CLANG_WARN_OBJC_ROOT_CLASS = YES_ERROR;
				CLANG_WARN_RANGE_LOOP_ANALYSIS = YES;
				CLANG_WARN_STRICT_PROTOTYPES = YES;
				CLANG_WARN_SUSPICIOUS_MOVE = YES;
				CLANG_WARN_UNGUARDED_AVAILABILITY = YES_AGGRESSIVE;
				CLANG_WARN_UNREACHABLE_CODE = YES;
				CLANG_WARN__DUPLICATE_METHOD_MATCH = YES;
				CODE_SIGN_IDENTITY = "iPhone Developer";
				COPY_PHASE_STRIP = NO;
				DEBUG_INFORMATION_FORMAT = dwarf;
				ENABLE_STRICT_OBJC_MSGSEND = YES;
				ENABLE_TESTABILITY = YES;
				GCC_C_LANGUAGE_STANDARD = gnu11;
				GCC_DYNAMIC_NO_PIC = NO;
				GCC_NO_COMMON_BLOCKS = YES;
				GCC_OPTIMIZATION_LEVEL = 0;
				GCC_PREPROCESSOR_DEFINITIONS = (
					"DEBUG=1",
					"$(inherited)",
				);
				GCC_WARN_64_TO_32_BIT_CONVERSION = YES;
				GCC_WARN_ABOUT_RETURN_TYPE = YES_ERROR;
				GCC_WARN_UNDECLARED_SELECTOR = YES;
				GCC_WARN_UNINITIALIZED_AUTOS = YES_AGGRESSIVE;
				GCC_WARN_UNUSED_FUNCTION = YES;
				GCC_WARN_UNUSED_VARIABLE = YES;
				IPHONEOS_DEPLOYMENT_TARGET = 11.2;
				MTL_ENABLE_DEBUG_INFO = YES;
				ONLY_ACTIVE_ARCH = YES;
				SDKROOT = iphoneos;
				SWIFT_ACTIVE_COMPILATION_CONDITIONS = DEBUG;
				SWIFT_OPTIMIZATION_LEVEL = "-Onone";
			};
			name = Debug;
		};
		D65A4401206C47A1000E89A1 /* Release */ = {
			isa = XCBuildConfiguration;
			buildSettings = {
				ALWAYS_SEARCH_USER_PATHS = NO;
				CLANG_ANALYZER_NONNULL = YES;
				CLANG_ANALYZER_NUMBER_OBJECT_CONVERSION = YES_AGGRESSIVE;
				CLANG_CXX_LANGUAGE_STANDARD = "gnu++14";
				CLANG_CXX_LIBRARY = "libc++";
				CLANG_ENABLE_MODULES = YES;
				CLANG_ENABLE_OBJC_ARC = YES;
				CLANG_WARN_BLOCK_CAPTURE_AUTORELEASING = YES;
				CLANG_WARN_BOOL_CONVERSION = YES;
				CLANG_WARN_COMMA = YES;
				CLANG_WARN_CONSTANT_CONVERSION = YES;
				CLANG_WARN_DIRECT_OBJC_ISA_USAGE = YES_ERROR;
				CLANG_WARN_DOCUMENTATION_COMMENTS = YES;
				CLANG_WARN_EMPTY_BODY = YES;
				CLANG_WARN_ENUM_CONVERSION = YES;
				CLANG_WARN_INFINITE_RECURSION = YES;
				CLANG_WARN_INT_CONVERSION = YES;
				CLANG_WARN_NON_LITERAL_NULL_CONVERSION = YES;
				CLANG_WARN_OBJC_LITERAL_CONVERSION = YES;
				CLANG_WARN_OBJC_ROOT_CLASS = YES_ERROR;
				CLANG_WARN_RANGE_LOOP_ANALYSIS = YES;
				CLANG_WARN_STRICT_PROTOTYPES = YES;
				CLANG_WARN_SUSPICIOUS_MOVE = YES;
				CLANG_WARN_UNGUARDED_AVAILABILITY = YES_AGGRESSIVE;
				CLANG_WARN_UNREACHABLE_CODE = YES;
				CLANG_WARN__DUPLICATE_METHOD_MATCH = YES;
				CODE_SIGN_IDENTITY = "iPhone Developer";
				COPY_PHASE_STRIP = NO;
				DEBUG_INFORMATION_FORMAT = "dwarf-with-dsym";
				ENABLE_NS_ASSERTIONS = NO;
				ENABLE_STRICT_OBJC_MSGSEND = YES;
				GCC_C_LANGUAGE_STANDARD = gnu11;
				GCC_NO_COMMON_BLOCKS = YES;
				GCC_WARN_64_TO_32_BIT_CONVERSION = YES;
				GCC_WARN_ABOUT_RETURN_TYPE = YES_ERROR;
				GCC_WARN_UNDECLARED_SELECTOR = YES;
				GCC_WARN_UNINITIALIZED_AUTOS = YES_AGGRESSIVE;
				GCC_WARN_UNUSED_FUNCTION = YES;
				GCC_WARN_UNUSED_VARIABLE = YES;
				IPHONEOS_DEPLOYMENT_TARGET = 11.2;
				MTL_ENABLE_DEBUG_INFO = NO;
				SDKROOT = iphoneos;
				SWIFT_OPTIMIZATION_LEVEL = "-Owholemodule";
				VALIDATE_PRODUCT = YES;
			};
			name = Release;
		};
		D65A4403206C47A1000E89A1 /* Debug */ = {
			isa = XCBuildConfiguration;
			buildSettings = {
				ASSETCATALOG_COMPILER_APPICON_NAME = AppIcon;
				CODE_SIGN_STYLE = Automatic;
				INFOPLIST_FILE = test/Info.plist;
				LD_RUNPATH_SEARCH_PATHS = "$(inherited) @executable_path/Frameworks";
				PRODUCT_BUNDLE_IDENTIFIER = import.test;
				PRODUCT_NAME = "$(TARGET_NAME)";
				SWIFT_VERSION = 4.0;
				TARGETED_DEVICE_FAMILY = "1,2";
			};
			name = Debug;
		};
		D65A4404206C47A1000E89A1 /* Release */ = {
			isa = XCBuildConfiguration;
			buildSettings = {
				ASSETCATALOG_COMPILER_APPICON_NAME = AppIcon;
				CODE_SIGN_STYLE = Automatic;
				INFOPLIST_FILE = test/Info.plist;
				LD_RUNPATH_SEARCH_PATHS = "$(inherited) @executable_path/Frameworks";
				PRODUCT_BUNDLE_IDENTIFIER = import.test;
				PRODUCT_NAME = "$(TARGET_NAME)";
				SWIFT_VERSION = 4.0;
				TARGETED_DEVICE_FAMILY = "1,2";
			};
			name = Release;
		};
		D65A4406206C47A1000E89A1 /* Debug */ = {
			isa = XCBuildConfiguration;
			buildSettings = {
				ALWAYS_EMBED_SWIFT_STANDARD_LIBRARIES = YES;
				BUNDLE_LOADER = "$(TEST_HOST)";
				CODE_SIGN_STYLE = Automatic;
				INFOPLIST_FILE = testTests/Info.plist;
				LD_RUNPATH_SEARCH_PATHS = "$(inherited) @executable_path/Frameworks @loader_path/Frameworks";
				PRODUCT_BUNDLE_IDENTIFIER = import.testTests;
				PRODUCT_NAME = "$(TARGET_NAME)";
				SWIFT_VERSION = 4.0;
				TARGETED_DEVICE_FAMILY = "1,2";
				TEST_HOST = "$(BUILT_PRODUCTS_DIR)/test.app/test";
			};
			name = Debug;
		};
		D65A4407206C47A1000E89A1 /* Release */ = {
			isa = XCBuildConfiguration;
			buildSettings = {
				ALWAYS_EMBED_SWIFT_STANDARD_LIBRARIES = YES;
				BUNDLE_LOADER = "$(TEST_HOST)";
				CODE_SIGN_STYLE = Automatic;
				INFOPLIST_FILE = testTests/Info.plist;
				LD_RUNPATH_SEARCH_PATHS = "$(inherited) @executable_path/Frameworks @loader_path/Frameworks";
				PRODUCT_BUNDLE_IDENTIFIER = import.testTests;
				PRODUCT_NAME = "$(TARGET_NAME)";
				SWIFT_VERSION = 4.0;
				TARGETED_DEVICE_FAMILY = "1,2";
				TEST_HOST = "$(BUILT_PRODUCTS_DIR)/test.app/test";
			};
			name = Release;
		};
		D65A4409206C47A1000E89A1 /* Debug */ = {
			isa = XCBuildConfiguration;
			buildSettings = {
				ALWAYS_EMBED_SWIFT_STANDARD_LIBRARIES = YES;
				CODE_SIGN_STYLE = Automatic;
				INFOPLIST_FILE = testUITests/Info.plist;
				LD_RUNPATH_SEARCH_PATHS = "$(inherited) @executable_path/Frameworks @loader_path/Frameworks";
				PRODUCT_BUNDLE_IDENTIFIER = import.testUITests;
				PRODUCT_NAME = "$(TARGET_NAME)";
				SWIFT_VERSION = 4.0;
				TARGETED_DEVICE_FAMILY = "1,2";
				TEST_TARGET_NAME = test;
			};
			name = Debug;
		};
		D65A440A206C47A1000E89A1 /* Release */ = {
			isa = XCBuildConfiguration;
			buildSettings = {
				ALWAYS_EMBED_SWIFT_STANDARD_LIBRARIES = YES;
				CODE_SIGN_STYLE = Automatic;
				INFOPLIST_FILE = testUITests/Info.plist;
				LD_RUNPATH_SEARCH_PATHS = "$(inherited) @executable_path/Frameworks @loader_path/Frameworks";
				PRODUCT_BUNDLE_IDENTIFIER = import.testUITests;
				PRODUCT_NAME = "$(TARGET_NAME)";
				SWIFT_VERSION = 4.0;
				TARGETED_DEVICE_FAMILY = "1,2";
				TEST_TARGET_NAME = test;
			};
			name = Release;
		};
/* End XCBuildConfiguration section */

/* Begin XCConfigurationList section */
		D65A43D5206C47A0000E89A1 /* Build configuration list for PBXProject "test" */ = {
			isa = XCConfigurationList;
			buildConfigurations = (
				D65A4400206C47A1000E89A1 /* Debug */,
				D65A4401206C47A1000E89A1 /* Release */,
			);
			defaultConfigurationIsVisible = 0;
			defaultConfigurationName = Release;
		};
		D65A4402206C47A1000E89A1 /* Build configuration list for PBXNativeTarget "test" */ = {
			isa = XCConfigurationList;
			buildConfigurations = (
				D65A4403206C47A1000E89A1 /* Debug */,
				D65A4404206C47A1000E89A1 /* Release */,
			);
			defaultConfigurationIsVisible = 0;
			defaultConfigurationName = Release;
		};
		D65A4405206C47A1000E89A1 /* Build configuration list for PBXNativeTarget "testTests" */ = {
			isa = XCConfigurationList;
			buildConfigurations = (
				D65A4406206C47A1000E89A1 /* Debug */,
				D65A4407206C47A1000E89A1 /* Release */,
			);
			defaultConfigurationIsVisible = 0;
			defaultConfigurationName = Release;
		};
		D65A4408206C47A1000E89A1 /* Build configuration list for PBXNativeTarget "testUITests" */ = {
			isa = XCConfigurationList;
			buildConfigurations = (
				D65A4409206C47A1000E89A1 /* Debug */,
				D65A440A206C47A1000E89A1 /* Release */,
			);
			defaultConfigurationIsVisible = 0;
			defaultConfigurationName = Release;
		};
/* End XCConfigurationList section */
	};
	rootObject = D65A43D2206C47A0000E89A1 /* Project object */;
}
